
Microsoft Visual Studio Solution File, Format Version 12.00
# Visual Studio Version 16
VisualStudioVersion = 16.0.31702.278
MinimumVisualStudioVersion = 10.0.40219.1
Project("{FAE04EC0-301F-11D3-BF4B-00C04F79EFBC}") = "DataContext", "DataContext\DataContext.csproj", "{4DD0A86A-E8F3-4C40-A32A-B17516BBAAFE}"
EndProject
Global
	GlobalSection(SolutionConfigurationPlatforms) = preSolution
		Debug|Any CPU = Debug|Any CPU
		Release|Any CPU = Release|Any CPU
	EndGlobalSection
	GlobalSection(ProjectConfigurationPlatforms) = postSolution
		{4DD0A86A-E8F3-4C40-A32A-B17516BBAAFE}.Debug|Any CPU.ActiveCfg = Debug|Any CPU
		{4DD0A86A-E8F3-4C40-A32A-B17516BBAAFE}.Debug|Any CPU.Build.0 = Debug|Any CPU
		{4DD0A86A-E8F3-4C40-A32A-B17516BBAAFE}.Release|Any CPU.ActiveCfg = Release|Any CPU
		{4DD0A86A-E8F3-4C40-A32A-B17516BBAAFE}.Release|Any CPU.Build.0 = Release|Any CPU
	EndGlobalSection
	GlobalSection(SolutionProperties) = preSolution
		HideSolutionNode = FALSE
	EndGlobalSection
	GlobalSection(ExtensibilityGlobals) = postSolution
		SolutionGuid = {353362AA-5B4E-4B34-8F31-F229ED9B8C52}
	EndGlobalSection
EndGlobal
